# This file is autogenerated, do not edit; changes may be undone by the next 'dep ensure'.


[[projects]]
  branch = "master"
  digest = "1:210dd3b6f30ebc5ff2e0b4795b5141ee4578c29b38df0326fb140863d45c01fa"
  name = "github.com/creack/goselect"
  packages = ["."]
  pruneopts = "UT"
  revision = "58854f77ee8d858ce751b0a9bcc5533fef7bfa9e"

[[projects]]
  branch = "master"
  digest = "1:177147c6beea9efbe2e2f58b17ff1686f084ac7d7f4b6a36e085f8cb98e106a0"
  name = "go.bug.st/serial.v1"
  packages = [
    ".",
    "unixutils",
  ]
  pruneopts = "UT"
  revision = "5f7892a7bb453066bdc6683b9b5d24d9dee03ec1"

[[projects]]
  branch = "master"
  digest = "1:899c684138eb2844811b7f97e264d3c65d533dbedc59549fa58fc2bf316f83a1"
  name = "golang.org/x/sys"
  packages = [
    "unix",
    "windows",
  ]
  pruneopts = "UT"
  revision = "44b849a8bc13eb42e95e6c6c5e360481b73ec710"

[solve-meta]
  analyzer-name = "dep"
  analyzer-version = 1
  input-imports = ["go.bug.st/serial.v1"]
  solver-name = "gps-cdcl"
  solver-version = 1
